
Microsoft Visual Studio Solution File, Format Version 12.00
Project("{FAE04EC0-301F-11D3-BF4B-00C04F79EFBC}") = "Bsky.CSharp", "src\Bsky.CSharp\Bsky.CSharp.csproj", "{694A8F70-A128-4462-85BD-85922632C1DD}"
EndProject
Project("{2150E333-8FDC-42A3-9474-1A3956D46DE8}") = "src", "src", "{E894BE90-0828-4074-A959-E21085101E3F}"
EndProject
Project("{2150E333-8FDC-42A3-9474-1A3956D46DE8}") = "test", "test", "{19C2C277-D1E8-4F52-A833-025655FA1ED9}"
EndProject
Project("{FAE04EC0-301F-11D3-BF4B-00C04F79EFBC}") = "Bsky.CSharp.UnitTests", "test\Bsky.CSharp.UnitTests\Bsky.CSharp.UnitTests.csproj", "{9B0095AC-47A3-435D-AD2D-850F9A60896B}"
EndProject
Project("{FAE04EC0-301F-11D3-BF4B-00C04F79EFBC}") = "Bsky.CSharp.Extensions", "src\Bsky.CSharp.Extensions\Bsky.CSharp.Extensions.csproj", "{45F9F6AD-14CA-43F4-AED3-93A92D99EA42}"
EndProject
Project("{2150E333-8FDC-42A3-9474-1A3956D46DE8}") = "Solution Items", "Solution Items", "{F495F440-94A7-49A8-9EAB-02272E9D28D6}"
	ProjectSection(SolutionItems) = preProject
		.gitignore = .gitignore
		Bsky.CSharp.sln.DotSettings.user = Bsky.CSharp.sln.DotSettings.user
	EndProjectSection
EndProject
Global
	GlobalSection(SolutionConfigurationPlatforms) = preSolution
		Debug|Any CPU = Debug|Any CPU
		Release|Any CPU = Release|Any CPU
	EndGlobalSection
	GlobalSection(ProjectConfigurationPlatforms) = postSolution
		{694A8F70-A128-4462-85BD-85922632C1DD}.Debug|Any CPU.ActiveCfg = Debug|Any CPU
		{694A8F70-A128-4462-85BD-85922632C1DD}.Debug|Any CPU.Build.0 = Debug|Any CPU
		{694A8F70-A128-4462-85BD-85922632C1DD}.Release|Any CPU.ActiveCfg = Release|Any CPU
		{694A8F70-A128-4462-85BD-85922632C1DD}.Release|Any CPU.Build.0 = Release|Any CPU
		{9B0095AC-47A3-435D-AD2D-850F9A60896B}.Debug|Any CPU.ActiveCfg = Debug|Any CPU
		{9B0095AC-47A3-435D-AD2D-850F9A60896B}.Debug|Any CPU.Build.0 = Debug|Any CPU
		{9B0095AC-47A3-435D-AD2D-850F9A60896B}.Release|Any CPU.ActiveCfg = Release|Any CPU
		{9B0095AC-47A3-435D-AD2D-850F9A60896B}.Release|Any CPU.Build.0 = Release|Any CPU
		{45F9F6AD-14CA-43F4-AED3-93A92D99EA42}.Debug|Any CPU.ActiveCfg = Debug|Any CPU
		{45F9F6AD-14CA-43F4-AED3-93A92D99EA42}.Debug|Any CPU.Build.0 = Debug|Any CPU
		{45F9F6AD-14CA-43F4-AED3-93A92D99EA42}.Release|Any CPU.ActiveCfg = Release|Any CPU
		{45F9F6AD-14CA-43F4-AED3-93A92D99EA42}.Release|Any CPU.Build.0 = Release|Any CPU
	EndGlobalSection
	GlobalSection(NestedProjects) = preSolution
		{694A8F70-A128-4462-85BD-85922632C1DD} = {E894BE90-0828-4074-A959-E21085101E3F}
		{9B0095AC-47A3-435D-AD2D-850F9A60896B} = {19C2C277-D1E8-4F52-A833-025655FA1ED9}
		{45F9F6AD-14CA-43F4-AED3-93A92D99EA42} = {E894BE90-0828-4074-A959-E21085101E3F}
	EndGlobalSection
EndGlobal
